
Microsoft Visual Studio Solution File, Format Version 12.00
# Visual Studio Version 17
VisualStudioVersion = 17.0.32112.339
MinimumVisualStudioVersion = 10.0.40219.1
Project("{FAE04EC0-301F-11D3-BF4B-00C04F79EFBC}") = "testFirstNUnit", "testFirstNUnit\testFirstNUnit.csproj", "{19C9BB56-C1F8-40C6-A938-485D6ECB59F5}"
EndProject
Global
	GlobalSection(SolutionConfigurationPlatforms) = preSolution
		Debug|Any CPU = Debug|Any CPU
		Release|Any CPU = Release|Any CPU
	EndGlobalSection
	GlobalSection(ProjectConfigurationPlatforms) = postSolution
		{19C9BB56-C1F8-40C6-A938-485D6ECB59F5}.Debug|Any CPU.ActiveCfg = Debug|Any CPU
		{19C9BB56-C1F8-40C6-A938-485D6ECB59F5}.Debug|Any CPU.Build.0 = Debug|Any CPU
		{19C9BB56-C1F8-40C6-A938-485D6ECB59F5}.Release|Any CPU.ActiveCfg = Release|Any CPU
		{19C9BB56-C1F8-40C6-A938-485D6ECB59F5}.Release|Any CPU.Build.0 = Release|Any CPU
	EndGlobalSection
	GlobalSection(SolutionProperties) = preSolution
		HideSolutionNode = FALSE
	EndGlobalSection
	GlobalSection(ExtensibilityGlobals) = postSolution
		SolutionGuid = {DFF519C7-0AD0-43F8-A931-02E240411CC9}
	EndGlobalSection
EndGlobal
